{
  "name": "static",
  "lockfileVersion": 2,
  "requires": true,
  "packages": {
    "": {
      "dependencies": {
        "mime": "^2.5.0"
      }
    },
    "node_modules/mime": {
      "version": "2.5.0",
      "resolved": "https://registry.npm.taobao.org/mime/download/mime-2.5.0.tgz?cache=0&sync_timestamp=1610756267429&other_urls=https%3A%2F%2Fregistry.npm.taobao.org%2Fmime%2Fdownload%2Fmime-2.5.0.tgz",
      "integrity": "sha1-K0r5NEAXeYBu6YAmu0Lowa4YdrE=",
      "bin": {
        "mime": "cli.js"
      },
      "engines": {
        "node": ">=4.0.0"
      }
    }
  },
  "dependencies": {
    "mime": {
      "version": "2.5.0",
      "resolved": "https://registry.npm.taobao.org/mime/download/mime-2.5.0.tgz?cache=0&sync_timestamp=1610756267429&other_urls=https%3A%2F%2Fregistry.npm.taobao.org%2Fmime%2Fdownload%2Fmime-2.5.0.tgz",
      "integrity": "sha1-K0r5NEAXeYBu6YAmu0Lowa4YdrE="
    }
  }
}
